// !$*UTF8*$!
{
	archiveVersion = 1;
	classes = {
	};
	objectVersion = 46;
	objects = {

/* Begin PBXBuildFile section */
		C43E7A07191C44DA00F50D1F /* Foundation.framework in Frameworks */ = {isa = PBXBuildFile; fileRef = C43E7A06191C44DA00F50D1F /* Foundation.framework */; };
		C43E7A09191C44DA00F50D1F /* CoreGraphics.framework in Frameworks */ = {isa = PBXBuildFile; fileRef = C43E7A08191C44DA00F50D1F /* CoreGraphics.framework */; };
		C43E7A0B191C44DA00F50D1F /* UIKit.framework in Frameworks */ = {isa = PBXBuildFile; fileRef = C43E7A0A191C44DA00F50D1F /* UIKit.framework */; };
		C43E7A11191C44DA00F50D1F /* InfoPlist.strings in Resources */ = {isa = PBXBuildFile; fileRef = C43E7A0F191C44DA00F50D1F /* InfoPlist.strings */; };
		C43E7A13191C44DA00F50D1F /* main.m in Sources */ = {isa = PBXBuildFile; fileRef = C43E7A12191C44DA00F50D1F /* main.m */; };
		C43E7A17191C44DA00F50D1F /* YSDAppDelegate.m in Sources */ = {isa = PBXBuildFile; fileRef = C43E7A16191C44DA00F50D1F /* YSDAppDelegate.m */; };
		C43E7A1A191C44DA00F50D1F /* Main.storyboard in Resources */ = {isa = PBXBuildFile; fileRef = C43E7A18191C44DA00F50D1F /* Main.storyboard */; };
		C43E7A1D191C44DA00F50D1F /* YSDViewController.m in Sources */ = {isa = PBXBuildFile; fileRef = C43E7A1C191C44DA00F50D1F /* YSDViewController.m */; };
		C43E7A1F191C44DA00F50D1F /* Images.xcassets in Resources */ = {isa = PBXBuildFile; fileRef = C43E7A1E191C44DA00F50D1F /* Images.xcassets */; };
		C43E7A26191C44DB00F50D1F /* XCTest.framework in Frameworks */ = {isa = PBXBuildFile; fileRef = C43E7A25191C44DB00F50D1F /* XCTest.framework */; };
		C43E7A27191C44DB00F50D1F /* Foundation.framework in Frameworks */ = {isa = PBXBuildFile; fileRef = C43E7A06191C44DA00F50D1F /* Foundation.framework */; };
		C43E7A28191C44DB00F50D1F /* UIKit.framework in Frameworks */ = {isa = PBXBuildFile; fileRef = C43E7A0A191C44DA00F50D1F /* UIKit.framework */; };
		C43E7A30191C44DB00F50D1F /* InfoPlist.strings in Resources */ = {isa = PBXBuildFile; fileRef = C43E7A2E191C44DB00F50D1F /* InfoPlist.strings */; };
		C43E7A32191C44DB00F50D1F /* Ye_Scurvey_DogsTests.m in Sources */ = {isa = PBXBuildFile; fileRef = C43E7A31191C44DB00F50D1F /* Ye_Scurvey_DogsTests.m */; };
/* End PBXBuildFile section */

/* Begin PBXContainerItemProxy section */
		C43E7A29191C44DB00F50D1F /* PBXContainerItemProxy */ = {
			isa = PBXContainerItemProxy;
			containerPortal = C43E79FB191C44DA00F50D1F /* Project object */;
			proxyType = 1;
			remoteGlobalIDString = C43E7A02191C44DA00F50D1F;
			remoteInfo = "Ye Scurvey Dogs";
		};
/* End PBXContainerItemProxy section */

/* Begin PBXFileReference section */
		C43E7A03191C44DA00F50D1F /* Ye Scurvey Dogs.app */ = {isa = PBXFileReference; explicitFileType = wrapper.application; includeInIndex = 0; path = "Ye Scurvey Dogs.app"; sourceTree = BUILT_PRODUCTS_DIR; };
		C43E7A06191C44DA00F50D1F /* Foundation.framework */ = {isa = PBXFileReference; lastKnownFileType = wrapper.framework; name = Foundation.framework; path = System/Library/Frameworks/Foundation.framework; sourceTree = SDKROOT; };
		C43E7A08191C44DA00F50D1F /* CoreGraphics.framework */ = {isa = PBXFileReference; lastKnownFileType = wrapper.framework; name = CoreGraphics.framework; path = System/Library/Frameworks/CoreGraphics.framework; sourceTree = SDKROOT; };
		C43E7A0A191C44DA00F50D1F /* UIKit.framework */ = {isa = PBXFileReference; lastKnownFileType = wrapper.framework; name = UIKit.framework; path = System/Library/Frameworks/UIKit.framework; sourceTree = SDKROOT; };
		C43E7A0E191C44DA00F50D1F /* Ye Scurvey Dogs-Info.plist */ = {isa = PBXFileReference; lastKnownFileType = text.plist.xml; path = "Ye Scurvey Dogs-Info.plist"; sourceTree = "<group>"; };
		C43E7A10191C44DA00F50D1F /* en */ = {isa = PBXFileReference; lastKnownFileType = text.plist.strings; name = en; path = en.lproj/InfoPlist.strings; sourceTree = "<group>"; };
		C43E7A12191C44DA00F50D1F /* main.m */ = {isa = PBXFileReference; lastKnownFileType = sourcecode.c.objc; path = main.m; sourceTree = "<group>"; };
		C43E7A14191C44DA00F50D1F /* Ye Scurvey Dogs-Prefix.pch */ = {isa = PBXFileReference; lastKnownFileType = sourcecode.c.h; path = "Ye Scurvey Dogs-Prefix.pch"; sourceTree = "<group>"; };
		C43E7A15191C44DA00F50D1F /* YSDAppDelegate.h */ = {isa = PBXFileReference; lastKnownFileType = sourcecode.c.h; path = YSDAppDelegate.h; sourceTree = "<group>"; };
		C43E7A16191C44DA00F50D1F /* YSDAppDelegate.m */ = {isa = PBXFileReference; lastKnownFileType = sourcecode.c.objc; path = YSDAppDelegate.m; sourceTree = "<group>"; };
		C43E7A19191C44DA00F50D1F /* Base */ = {isa = PBXFileReference; lastKnownFileType = file.storyboard; name = Base; path = Base.lproj/Main.storyboard; sourceTree = "<group>"; };
		C43E7A1B191C44DA00F50D1F /* YSDViewController.h */ = {isa = PBXFileReference; lastKnownFileType = sourcecode.c.h; path = YSDViewController.h; sourceTree = "<group>"; };
		C43E7A1C191C44DA00F50D1F /* YSDViewController.m */ = {isa = PBXFileReference; lastKnownFileType = sourcecode.c.objc; path = YSDViewController.m; sourceTree = "<group>"; };
		C43E7A1E191C44DA00F50D1F /* Images.xcassets */ = {isa = PBXFileReference; lastKnownFileType = folder.assetcatalog; path = Images.xcassets; sourceTree = "<group>"; };
		C43E7A24191C44DB00F50D1F /* Ye Scurvey DogsTests.xctest */ = {isa = PBXFileReference; explicitFileType = wrapper.cfbundle; includeInIndex = 0; path = "Ye Scurvey DogsTests.xctest"; sourceTree = BUILT_PRODUCTS_DIR; };
		C43E7A25191C44DB00F50D1F /* XCTest.framework */ = {isa = PBXFileReference; lastKnownFileType = wrapper.framework; name = XCTest.framework; path = Library/Frameworks/XCTest.framework; sourceTree = DEVELOPER_DIR; };
		C43E7A2D191C44DB00F50D1F /* Ye Scurvey DogsTests-Info.plist */ = {isa = PBXFileReference; lastKnownFileType = text.plist.xml; path = "Ye Scurvey DogsTests-Info.plist"; sourceTree = "<group>"; };
		C43E7A2F191C44DB00F50D1F /* en */ = {isa = PBXFileReference; lastKnownFileType = text.plist.strings; name = en; path = en.lproj/InfoPlist.strings; sourceTree = "<group>"; };
		C43E7A31191C44DB00F50D1F /* Ye_Scurvey_DogsTests.m */ = {isa = PBXFileReference; lastKnownFileType = sourcecode.c.objc; path = Ye_Scurvey_DogsTests.m; sourceTree = "<group>"; };
/* End PBXFileReference section */

/* Begin PBXFrameworksBuildPhase section */
		C43E7A00191C44DA00F50D1F /* Frameworks */ = {
			isa = PBXFrameworksBuildPhase;
			buildActionMask = 2147483647;
			files = (
				C43E7A09191C44DA00F50D1F /* CoreGraphics.framework in Frameworks */,
				C43E7A0B191C44DA00F50D1F /* UIKit.framework in Frameworks */,
				C43E7A07191C44DA00F50D1F /* Foundation.framework in Frameworks */,
			);
			runOnlyForDeploymentPostprocessing = 0;
		};
		C43E7A21191C44DB00F50D1F /* Frameworks */ = {
			isa = PBXFrameworksBuildPhase;
			buildActionMask = 2147483647;
			files = (
				C43E7A26191C44DB00F50D1F /* XCTest.framework in Frameworks */,
				C43E7A28191C44DB00F50D1F /* UIKit.framework in Frameworks */,
				C43E7A27191C44DB00F50D1F /* Foundation.framework in Frameworks */,
			);
			runOnlyForDeploymentPostprocessing = 0;
		};
/* End PBXFrameworksBuildPhase section */

/* Begin PBXGroup section */
		C43E79FA191C44DA00F50D1F = {
			isa = PBXGroup;
			children = (
				C43E7A0C191C44DA00F50D1F /* Ye Scurvey Dogs */,
				C43E7A2B191C44DB00F50D1F /* Ye Scurvey DogsTests */,
				C43E7A05191C44DA00F50D1F /* Frameworks */,
				C43E7A04191C44DA00F50D1F /* Products */,
			);
			sourceTree = "<group>";
		};
		C43E7A04191C44DA00F50D1F /* Products */ = {
			isa = PBXGroup;
			children = (
				C43E7A03191C44DA00F50D1F /* Ye Scurvey Dogs.app */,
				C43E7A24191C44DB00F50D1F /* Ye Scurvey DogsTests.xctest */,
			);
			name = Products;
			sourceTree = "<group>";
		};
		C43E7A05191C44DA00F50D1F /* Frameworks */ = {
			isa = PBXGroup;
			children = (
				C43E7A06191C44DA00F50D1F /* Foundation.framework */,
				C43E7A08191C44DA00F50D1F /* CoreGraphics.framework */,
				C43E7A0A191C44DA00F50D1F /* UIKit.framework */,
				C43E7A25191C44DB00F50D1F /* XCTest.framework */,
			);
			name = Frameworks;
			sourceTree = "<group>";
		};
		C43E7A0C191C44DA00F50D1F /* Ye Scurvey Dogs */ = {
			isa = PBXGroup;
			children = (
				C43E7A15191C44DA00F50D1F /* YSDAppDelegate.h */,
				C43E7A16191C44DA00F50D1F /* YSDAppDelegate.m */,
				C43E7A18191C44DA00F50D1F /* Main.storyboard */,
				C43E7A1B191C44DA00F50D1F /* YSDViewController.h */,
				C43E7A1C191C44DA00F50D1F /* YSDViewController.m */,
				C43E7A1E191C44DA00F50D1F /* Images.xcassets */,
				C43E7A0D191C44DA00F50D1F /* Supporting Files */,
			);
			path = "Ye Scurvey Dogs";
			sourceTree = "<group>";
		};
		C43E7A0D191C44DA00F50D1F /* Supporting Files */ = {
			isa = PBXGroup;
			children = (
				C43E7A0E191C44DA00F50D1F /* Ye Scurvey Dogs-Info.plist */,
				C43E7A0F191C44DA00F50D1F /* InfoPlist.strings */,
				C43E7A12191C44DA00F50D1F /* main.m */,
				C43E7A14191C44DA00F50D1F /* Ye Scurvey Dogs-Prefix.pch */,
			);
			name = "Supporting Files";
			sourceTree = "<group>";
		};
		C43E7A2B191C44DB00F50D1F /* Ye Scurvey DogsTests */ = {
			isa = PBXGroup;
			children = (
				C43E7A31191C44DB00F50D1F /* Ye_Scurvey_DogsTests.m */,
				C43E7A2C191C44DB00F50D1F /* Supporting Files */,
			);
			path = "Ye Scurvey DogsTests";
			sourceTree = "<group>";
		};
		C43E7A2C191C44DB00F50D1F /* Supporting Files */ = {
			isa = PBXGroup;
			children = (
				C43E7A2D191C44DB00F50D1F /* Ye Scurvey DogsTests-Info.plist */,
				C43E7A2E191C44DB00F50D1F /* InfoPlist.strings */,
			);
			name = "Supporting Files";
			sourceTree = "<group>";
		};
/* End PBXGroup section */

/* Begin PBXNativeTarget section */
		C43E7A02191C44DA00F50D1F /* Ye Scurvey Dogs */ = {
			isa = PBXNativeTarget;
			buildConfigurationList = C43E7A35191C44DB00F50D1F /* Build configuration list for PBXNativeTarget "Ye Scurvey Dogs" */;
			buildPhases = (
				C43E79FF191C44DA00F50D1F /* Sources */,
				C43E7A00191C44DA00F50D1F /* Frameworks */,
				C43E7A01191C44DA00F50D1F /* Resources */,
			);
			buildRules = (
			);
			dependencies = (
			);
			name = "Ye Scurvey Dogs";
			productName = "Ye Scurvey Dogs";
			productReference = C43E7A03191C44DA00F50D1F /* Ye Scurvey Dogs.app */;
			productType = "com.apple.product-type.application";
		};
		C43E7A23191C44DB00F50D1F /* Ye Scurvey DogsTests */ = {
			isa = PBXNativeTarget;
			buildConfigurationList = C43E7A38191C44DB00F50D1F /* Build configuration list for PBXNativeTarget "Ye Scurvey DogsTests" */;
			buildPhases = (
				C43E7A20191C44DB00F50D1F /* Sources */,
				C43E7A21191C44DB00F50D1F /* Frameworks */,
				C43E7A22191C44DB00F50D1F /* Resources */,
			);
			buildRules = (
			);
			dependencies = (
				C43E7A2A191C44DB00F50D1F /* PBXTargetDependency */,
			);
			name = "Ye Scurvey DogsTests";
			productName = "Ye Scurvey DogsTests";
			productReference = C43E7A24191C44DB00F50D1F /* Ye Scurvey DogsTests.xctest */;
			productType = "com.apple.product-type.bundle.unit-test";
		};
/* End PBXNativeTarget section */

/* Begin PBXProject section */
		C43E79FB191C44DA00F50D1F /* Project object */ = {
			isa = PBXProject;
			attributes = {
				CLASSPREFIX = YSD;
				LastUpgradeCheck = 0510;
				ORGANIZATIONNAME = 8bitpirates;
				TargetAttributes = {
					C43E7A23191C44DB00F50D1F = {
						TestTargetID = C43E7A02191C44DA00F50D1F;
					};
				};
			};
			buildConfigurationList = C43E79FE191C44DA00F50D1F /* Build configuration list for PBXProject "Ye Scurvey Dogs" */;
			compatibilityVersion = "Xcode 3.2";
			developmentRegion = English;
			hasScannedForEncodings = 0;
			knownRegions = (
				en,
				Base,
			);
			mainGroup = C43E79FA191C44DA00F50D1F;
			productRefGroup = C43E7A04191C44DA00F50D1F /* Products */;
			projectDirPath = "";
			projectRoot = "";
			targets = (
				C43E7A02191C44DA00F50D1F /* Ye Scurvey Dogs */,
				C43E7A23191C44DB00F50D1F /* Ye Scurvey DogsTests */,
			);
		};
/* End PBXProject section */

/* Begin PBXResourcesBuildPhase section */
		C43E7A01191C44DA00F50D1F /* Resources */ = {
			isa = PBXResourcesBuildPhase;
			buildActionMask = 2147483647;
			files = (
				C43E7A1F191C44DA00F50D1F /* Images.xcassets in Resources */,
				C43E7A11191C44DA00F50D1F /* InfoPlist.strings in Resources */,
				C43E7A1A191C44DA00F50D1F /* Main.storyboard in Resources */,
			);
			runOnlyForDeploymentPostprocessing = 0;
		};
		C43E7A22191C44DB00F50D1F /* Resources */ = {
			isa = PBXResourcesBuildPhase;
			buildActionMask = 2147483647;
			files = (
				C43E7A30191C44DB00F50D1F /* InfoPlist.strings in Resources */,
			);
			runOnlyForDeploymentPostprocessing = 0;
		};
/* End PBXResourcesBuildPhase section */

/* Begin PBXSourcesBuildPhase section */
		C43E79FF191C44DA00F50D1F /* Sources */ = {
			isa = PBXSourcesBuildPhase;
			buildActionMask = 2147483647;
			files = (
				C43E7A1D191C44DA00F50D1F /* YSDViewController.m in Sources */,
				C43E7A13191C44DA00F50D1F /* main.m in Sources */,
				C43E7A17191C44DA00F50D1F /* YSDAppDelegate.m in Sources */,
			);
			runOnlyForDeploymentPostprocessing = 0;
		};
		C43E7A20191C44DB00F50D1F /* Sources */ = {
			isa = PBXSourcesBuildPhase;
			buildActionMask = 2147483647;
			files = (
				C43E7A32191C44DB00F50D1F /* Ye_Scurvey_DogsTests.m in Sources */,
			);
			runOnlyForDeploymentPostprocessing = 0;
		};
/* End PBXSourcesBuildPhase section */

/* Begin PBXTargetDependency section */
		C43E7A2A191C44DB00F50D1F /* PBXTargetDependency */ = {
			isa = PBXTargetDependency;
			target = C43E7A02191C44DA00F50D1F /* Ye Scurvey Dogs */;
			targetProxy = C43E7A29191C44DB00F50D1F /* PBXContainerItemProxy */;
		};
/* End PBXTargetDependency section */

/* Begin PBXVariantGroup section */
		C43E7A0F191C44DA00F50D1F /* InfoPlist.strings */ = {
			isa = PBXVariantGroup;
			children = (
				C43E7A10191C44DA00F50D1F /* en */,
			);
			name = InfoPlist.strings;
			sourceTree = "<group>";
		};
		C43E7A18191C44DA00F50D1F /* Main.storyboard */ = {
			isa = PBXVariantGroup;
			children = (
				C43E7A19191C44DA00F50D1F /* Base */,
			);
			name = Main.storyboard;
			sourceTree = "<group>";
		};
		C43E7A2E191C44DB00F50D1F /* InfoPlist.strings */ = {
			isa = PBXVariantGroup;
			children = (
				C43E7A2F191C44DB00F50D1F /* en */,
			);
			name = InfoPlist.strings;
			sourceTree = "<group>";
		};
/* End PBXVariantGroup section */

/* Begin XCBuildConfiguration section */
		C43E7A33191C44DB00F50D1F /* Debug */ = {
			isa = XCBuildConfiguration;
			buildSettings = {
				ALWAYS_SEARCH_USER_PATHS = NO;
				CLANG_CXX_LANGUAGE_STANDARD = "gnu++0x";
				CLANG_CXX_LIBRARY = "libc++";
				CLANG_ENABLE_MODULES = YES;
				CLANG_ENABLE_OBJC_ARC = YES;
				CLANG_WARN_BOOL_CONVERSION = YES;
				CLANG_WARN_CONSTANT_CONVERSION = YES;
				CLANG_WARN_DIRECT_OBJC_ISA_USAGE = YES_ERROR;
				CLANG_WARN_EMPTY_BODY = YES;
				CLANG_WARN_ENUM_CONVERSION = YES;
				CLANG_WARN_INT_CONVERSION = YES;
				CLANG_WARN_OBJC_ROOT_CLASS = YES_ERROR;
				CLANG_WARN__DUPLICATE_METHOD_MATCH = YES;
				"CODE_SIGN_IDENTITY[sdk=iphoneos*]" = "iPhone Developer";
				COPY_PHASE_STRIP = NO;
				GCC_C_LANGUAGE_STANDARD = gnu99;
				GCC_DYNAMIC_NO_PIC = NO;
				GCC_OPTIMIZATION_LEVEL = 0;
				GCC_PREPROCESSOR_DEFINITIONS = (
					"DEBUG=1",
					"$(inherited)",
				);
				GCC_SYMBOLS_PRIVATE_EXTERN = NO;
				GCC_WARN_64_TO_32_BIT_CONVERSION = YES;
				GCC_WARN_ABOUT_RETURN_TYPE = YES_ERROR;
				GCC_WARN_UNDECLARED_SELECTOR = YES;
				GCC_WARN_UNINITIALIZED_AUTOS = YES_AGGRESSIVE;
				GCC_WARN_UNUSED_FUNCTION = YES;
				GCC_WARN_UNUSED_VARIABLE = YES;
				IPHONEOS_DEPLOYMENT_TARGET = 7.1;
				ONLY_ACTIVE_ARCH = YES;
				SDKROOT = iphoneos;
			};
			name = Debug;
		};
		C43E7A34191C44DB00F50D1F /* Release */ = {
			isa = XCBuildConfiguration;
			buildSettings = {
				ALWAYS_SEARCH_USER_PATHS = NO;
				CLANG_CXX_LANGUAGE_STANDARD = "gnu++0x";
				CLANG_CXX_LIBRARY = "libc++";
				CLANG_ENABLE_MODULES = YES;
				CLANG_ENABLE_OBJC_ARC = YES;
				CLANG_WARN_BOOL_CONVERSION = YES;
				CLANG_WARN_CONSTANT_CONVERSION = YES;
				CLANG_WARN_DIRECT_OBJC_ISA_USAGE = YES_ERROR;
				CLANG_WARN_EMPTY_BODY = YES;
				CLANG_WARN_ENUM_CONVERSION = YES;
				CLANG_WARN_INT_CONVERSION = YES;
				CLANG_WARN_OBJC_ROOT_CLASS = YES_ERROR;
				CLANG_WARN__DUPLICATE_METHOD_MATCH = YES;
				"CODE_SIGN_IDENTITY[sdk=iphoneos*]" = "iPhone Developer";
				COPY_PHASE_STRIP = YES;
				ENABLE_NS_ASSERTIONS = NO;
				GCC_C_LANGUAGE_STANDARD = gnu99;
				GCC_WARN_64_TO_32_BIT_CONVERSION = YES;
				GCC_WARN_ABOUT_RETURN_TYPE = YES_ERROR;
				GCC_WARN_UNDECLARED_SELECTOR = YES;
				GCC_WARN_UNINITIALIZED_AUTOS = YES_AGGRESSIVE;
				GCC_WARN_UNUSED_FUNCTION = YES;
				GCC_WARN_UNUSED_VARIABLE = YES;
				IPHONEOS_DEPLOYMENT_TARGET = 7.1;
				SDKROOT = iphoneos;
				VALIDATE_PRODUCT = YES;
			};
			name = Release;
		};
		C43E7A36191C44DB00F50D1F /* Debug */ = {
			isa = XCBuildConfiguration;
			buildSettings = {
				ASSETCATALOG_COMPILER_APPICON_NAME = AppIcon;
				ASSETCATALOG_COMPILER_LAUNCHIMAGE_NAME = LaunchImage;
				GCC_PRECOMPILE_PREFIX_HEADER = YES;
				GCC_PREFIX_HEADER = "Ye Scurvey Dogs/Ye Scurvey Dogs-Prefix.pch";
				INFOPLIST_FILE = "Ye Scurvey Dogs/Ye Scurvey Dogs-Info.plist";
				PRODUCT_NAME = "$(TARGET_NAME)";
				WRAPPER_EXTENSION = app;
			};
			name = Debug;
		};
		C43E7A37191C44DB00F50D1F /* Release */ = {
			isa = XCBuildConfiguration;
			buildSettings = {
				ASSETCATALOG_COMPILER_APPICON_NAME = AppIcon;
				ASSETCATALOG_COMPILER_LAUNCHIMAGE_NAME = LaunchImage;
				GCC_PRECOMPILE_PREFIX_HEADER = YES;
				GCC_PREFIX_HEADER = "Ye Scurvey Dogs/Ye Scurvey Dogs-Prefix.pch";
				INFOPLIST_FILE = "Ye Scurvey Dogs/Ye Scurvey Dogs-Info.plist";
				PRODUCT_NAME = "$(TARGET_NAME)";
				WRAPPER_EXTENSION = app;
			};
			name = Release;
		};
		C43E7A39191C44DB00F50D1F /* Debug */ = {
			isa = XCBuildConfiguration;
			buildSettings = {
				BUNDLE_LOADER = "$(BUILT_PRODUCTS_DIR)/Ye Scurvey Dogs.app/Ye Scurvey Dogs";
				FRAMEWORK_SEARCH_PATHS = (
					"$(SDKROOT)/Developer/Library/Frameworks",
					"$(inherited)",
					"$(DEVELOPER_FRAMEWORKS_DIR)",
				);
				GCC_PRECOMPILE_PREFIX_HEADER = YES;
				GCC_PREFIX_HEADER = "Ye Scurvey Dogs/Ye Scurvey Dogs-Prefix.pch";
				GCC_PREPROCESSOR_DEFINITIONS = (
					"DEBUG=1",
					"$(inherited)",
				);
				INFOPLIST_FILE = "Ye Scurvey DogsTests/Ye Scurvey DogsTests-Info.plist";
				PRODUCT_NAME = "$(TARGET_NAME)";
				TEST_HOST = "$(BUNDLE_LOADER)";
				WRAPPER_EXTENSION = xctest;
			};
			name = Debug;
		};
		C43E7A3A191C44DB00F50D1F /* Release */ = {
			isa = XCBuildConfiguration;
			buildSettings = {
				BUNDLE_LOADER = "$(BUILT_PRODUCTS_DIR)/Ye Scurvey Dogs.app/Ye Scurvey Dogs";
				FRAMEWORK_SEARCH_PATHS = (
					"$(SDKROOT)/Developer/Library/Frameworks",
					"$(inherited)",
					"$(DEVELOPER_FRAMEWORKS_DIR)",
				);
				GCC_PRECOMPILE_PREFIX_HEADER = YES;
				GCC_PREFIX_HEADER = "Ye Scurvey Dogs/Ye Scurvey Dogs-Prefix.pch";
				INFOPLIST_FILE = "Ye Scurvey DogsTests/Ye Scurvey DogsTests-Info.plist";
				PRODUCT_NAME = "$(TARGET_NAME)";
				TEST_HOST = "$(BUNDLE_LOADER)";
				WRAPPER_EXTENSION = xctest;
			};
			name = Release;
		};
/* End XCBuildConfiguration section */

/* Begin XCConfigurationList section */
		C43E79FE191C44DA00F50D1F /* Build configuration list for PBXProject "Ye Scurvey Dogs" */ = {
			isa = XCConfigurationList;
			buildConfigurations = (
				C43E7A33191C44DB00F50D1F /* Debug */,
				C43E7A34191C44DB00F50D1F /* Release */,
			);
			defaultConfigurationIsVisible = 0;
			defaultConfigurationName = Release;
		};
		C43E7A35191C44DB00F50D1F /* Build configuration list for PBXNativeTarget "Ye Scurvey Dogs" */ = {
			isa = XCConfigurationList;
			buildConfigurations = (
				C43E7A36191C44DB00F50D1F /* Debug */,
				C43E7A37191C44DB00F50D1F /* Release */,
			);
			defaultConfigurationIsVisible = 0;
		};
		C43E7A38191C44DB00F50D1F /* Build configuration list for PBXNativeTarget "Ye Scurvey DogsTests" */ = {
			isa = XCConfigurationList;
			buildConfigurations = (
				C43E7A39191C44DB00F50D1F /* Debug */,
				C43E7A3A191C44DB00F50D1F /* Release */,
			);
			defaultConfigurationIsVisible = 0;
		};
/* End XCConfigurationList section */
	};
	rootObject = C43E79FB191C44DA00F50D1F /* Project object */;
}
